// !$*UTF8*$!
{
	archiveVersion = 1;
	classes = {
	};
	objectVersion = 56;
	objects = {

/* Begin PBXBuildFile section */
		D81FD5B72C21AFE600EC2EE9 /* PetErciseApp.swift in Sources */ = {isa = PBXBuildFile; fileRef = D81FD5B62C21AFE600EC2EE9 /* PetErciseApp.swift */; };
		D81FD5B92C21AFE600EC2EE9 /* ContentView.swift in Sources */ = {isa = PBXBuildFile; fileRef = D81FD5B82C21AFE600EC2EE9 /* ContentView.swift */; };
		D81FD5BB2C21AFE700EC2EE9 /* Assets.xcassets in Resources */ = {isa = PBXBuildFile; fileRef = D81FD5BA2C21AFE700EC2EE9 /* Assets.xcassets */; };
		D81FD5BE2C21AFE700EC2EE9 /* Preview Assets.xcassets in Resources */ = {isa = PBXBuildFile; fileRef = D81FD5BD2C21AFE700EC2EE9 /* Preview Assets.xcassets */; };
		D8CBD0672C21B2BC00A54279 /* User.swift in Sources */ = {isa = PBXBuildFile; fileRef = D8CBD0662C21B2BC00A54279 /* User.swift */; };
		D8CBD06A2C21B2FB00A54279 /* Timeline.swift in Sources */ = {isa = PBXBuildFile; fileRef = D8CBD0692C21B2FB00A54279 /* Timeline.swift */; };
		D8CBD06C2C21B31600A54279 /* Pet.swift in Sources */ = {isa = PBXBuildFile; fileRef = D8CBD06B2C21B31600A54279 /* Pet.swift */; };
		D8CBD06E2C21B34100A54279 /* Item.swift in Sources */ = {isa = PBXBuildFile; fileRef = D8CBD06D2C21B34100A54279 /* Item.swift */; };
		D8CBD0702C21B38000A54279 /* UserControler.swift in Sources */ = {isa = PBXBuildFile; fileRef = D8CBD06F2C21B38000A54279 /* UserControler.swift */; };
		D8CBD0722C21B38C00A54279 /* TimelineController.swift in Sources */ = {isa = PBXBuildFile; fileRef = D8CBD0712C21B38C00A54279 /* TimelineController.swift */; };
		D8CBD0742C21B39600A54279 /* PetContoller.swift in Sources */ = {isa = PBXBuildFile; fileRef = D8CBD0732C21B39600A54279 /* PetContoller.swift */; };
		D8CBD0762C21B39E00A54279 /* ItemContoller.swift in Sources */ = {isa = PBXBuildFile; fileRef = D8CBD0752C21B39E00A54279 /* ItemContoller.swift */; };
/* End PBXBuildFile section */

/* Begin PBXFileReference section */
		D81FD5B32C21AFE600EC2EE9 /* PetErcise.app */ = {isa = PBXFileReference; explicitFileType = wrapper.application; includeInIndex = 0; path = PetErcise.app; sourceTree = BUILT_PRODUCTS_DIR; };
		D81FD5B62C21AFE600EC2EE9 /* PetErciseApp.swift */ = {isa = PBXFileReference; lastKnownFileType = sourcecode.swift; path = PetErciseApp.swift; sourceTree = "<group>"; };
		D81FD5B82C21AFE600EC2EE9 /* ContentView.swift */ = {isa = PBXFileReference; lastKnownFileType = sourcecode.swift; path = ContentView.swift; sourceTree = "<group>"; };
		D81FD5BA2C21AFE700EC2EE9 /* Assets.xcassets */ = {isa = PBXFileReference; lastKnownFileType = folder.assetcatalog; path = Assets.xcassets; sourceTree = "<group>"; };
		D81FD5BD2C21AFE700EC2EE9 /* Preview Assets.xcassets */ = {isa = PBXFileReference; lastKnownFileType = folder.assetcatalog; path = "Preview Assets.xcassets"; sourceTree = "<group>"; };
		D8CBD0662C21B2BC00A54279 /* User.swift */ = {isa = PBXFileReference; lastKnownFileType = sourcecode.swift; path = User.swift; sourceTree = "<group>"; };
		D8CBD0692C21B2FB00A54279 /* Timeline.swift */ = {isa = PBXFileReference; lastKnownFileType = sourcecode.swift; path = Timeline.swift; sourceTree = "<group>"; };
		D8CBD06B2C21B31600A54279 /* Pet.swift */ = {isa = PBXFileReference; lastKnownFileType = sourcecode.swift; path = Pet.swift; sourceTree = "<group>"; };
		D8CBD06D2C21B34100A54279 /* Item.swift */ = {isa = PBXFileReference; lastKnownFileType = sourcecode.swift; path = Item.swift; sourceTree = "<group>"; };
		D8CBD06F2C21B38000A54279 /* UserControler.swift */ = {isa = PBXFileReference; lastKnownFileType = sourcecode.swift; path = UserControler.swift; sourceTree = "<group>"; };
		D8CBD0712C21B38C00A54279 /* TimelineController.swift */ = {isa = PBXFileReference; lastKnownFileType = sourcecode.swift; path = TimelineController.swift; sourceTree = "<group>"; };
		D8CBD0732C21B39600A54279 /* PetContoller.swift */ = {isa = PBXFileReference; lastKnownFileType = sourcecode.swift; path = PetContoller.swift; sourceTree = "<group>"; };
		D8CBD0752C21B39E00A54279 /* ItemContoller.swift */ = {isa = PBXFileReference; lastKnownFileType = sourcecode.swift; path = ItemContoller.swift; sourceTree = "<group>"; };
/* End PBXFileReference section */

/* Begin PBXFrameworksBuildPhase section */
		D81FD5B02C21AFE600EC2EE9 /* Frameworks */ = {
			isa = PBXFrameworksBuildPhase;
			buildActionMask = 2147483647;
			files = (
			);
			runOnlyForDeploymentPostprocessing = 0;
		};
/* End PBXFrameworksBuildPhase section */

/* Begin PBXGroup section */
		D81FD5AA2C21AFE600EC2EE9 = {
			isa = PBXGroup;
			children = (
				D81FD5B52C21AFE600EC2EE9 /* PetErcise */,
				D81FD5B42C21AFE600EC2EE9 /* Products */,
			);
			sourceTree = "<group>";
		};
		D81FD5B42C21AFE600EC2EE9 /* Products */ = {
			isa = PBXGroup;
			children = (
				D81FD5B32C21AFE600EC2EE9 /* PetErcise.app */,
			);
			name = Products;
			sourceTree = "<group>";
		};
		D81FD5B52C21AFE600EC2EE9 /* PetErcise */ = {
			isa = PBXGroup;
			children = (
				D81FD5C52C21B06800EC2EE9 /* Controllers */,
				D81FD5C42C21B05500EC2EE9 /* Models */,
				D81FD5B62C21AFE600EC2EE9 /* PetErciseApp.swift */,
				D81FD5B82C21AFE600EC2EE9 /* ContentView.swift */,
				D81FD5BA2C21AFE700EC2EE9 /* Assets.xcassets */,
				D81FD5BC2C21AFE700EC2EE9 /* Preview Content */,
			);
			path = PetErcise;
			sourceTree = "<group>";
		};
		D81FD5BC2C21AFE700EC2EE9 /* Preview Content */ = {
			isa = PBXGroup;
			children = (
				D81FD5BD2C21AFE700EC2EE9 /* Preview Assets.xcassets */,
			);
			path = "Preview Content";
			sourceTree = "<group>";
		};
		D81FD5C42C21B05500EC2EE9 /* Models */ = {
			isa = PBXGroup;
			children = (
				D8CBD0662C21B2BC00A54279 /* User.swift */,
				D8CBD0692C21B2FB00A54279 /* Timeline.swift */,
				D8CBD06B2C21B31600A54279 /* Pet.swift */,
				D8CBD06D2C21B34100A54279 /* Item.swift */,
			);
			path = Models;
			sourceTree = "<group>";
		};
		D81FD5C52C21B06800EC2EE9 /* Controllers */ = {
			isa = PBXGroup;
			children = (
				D8CBD06F2C21B38000A54279 /* UserControler.swift */,
				D8CBD0712C21B38C00A54279 /* TimelineController.swift */,
				D8CBD0732C21B39600A54279 /* PetContoller.swift */,
				D8CBD0752C21B39E00A54279 /* ItemContoller.swift */,
			);
			path = Controllers;
			sourceTree = "<group>";
		};
/* End PBXGroup section */

/* Begin PBXNativeTarget section */
		D81FD5B22C21AFE600EC2EE9 /* PetErcise */ = {
			isa = PBXNativeTarget;
			buildConfigurationList = D81FD5C12C21AFE700EC2EE9 /* Build configuration list for PBXNativeTarget "PetErcise" */;
			buildPhases = (
				D81FD5AF2C21AFE600EC2EE9 /* Sources */,
				D81FD5B02C21AFE600EC2EE9 /* Frameworks */,
				D81FD5B12C21AFE600EC2EE9 /* Resources */,
			);
			buildRules = (
			);
			dependencies = (
			);
			name = PetErcise;
			productName = PetErcise;
			productReference = D81FD5B32C21AFE600EC2EE9 /* PetErcise.app */;
			productType = "com.apple.product-type.application";
		};
/* End PBXNativeTarget section */

/* Begin PBXProject section */
		D81FD5AB2C21AFE600EC2EE9 /* Project object */ = {
			isa = PBXProject;
			attributes = {
				BuildIndependentTargetsInParallel = 1;
				LastSwiftUpdateCheck = 1530;
				LastUpgradeCheck = 1530;
				TargetAttributes = {
					D81FD5B22C21AFE600EC2EE9 = {
						CreatedOnToolsVersion = 15.3;
					};
				};
			};
			buildConfigurationList = D81FD5AE2C21AFE600EC2EE9 /* Build configuration list for PBXProject "PetErcise" */;
			compatibilityVersion = "Xcode 14.0";
			developmentRegion = en;
			hasScannedForEncodings = 0;
			knownRegions = (
				en,
				Base,
			);
			mainGroup = D81FD5AA2C21AFE600EC2EE9;
			productRefGroup = D81FD5B42C21AFE600EC2EE9 /* Products */;
			projectDirPath = "";
			projectRoot = "";
			targets = (
				D81FD5B22C21AFE600EC2EE9 /* PetErcise */,
			);
		};
/* End PBXProject section */

/* Begin PBXResourcesBuildPhase section */
		D81FD5B12C21AFE600EC2EE9 /* Resources */ = {
			isa = PBXResourcesBuildPhase;
			buildActionMask = 2147483647;
			files = (
				D81FD5BE2C21AFE700EC2EE9 /* Preview Assets.xcassets in Resources */,
				D81FD5BB2C21AFE700EC2EE9 /* Assets.xcassets in Resources */,
			);
			runOnlyForDeploymentPostprocessing = 0;
		};
/* End PBXResourcesBuildPhase section */

/* Begin PBXSourcesBuildPhase section */
		D81FD5AF2C21AFE600EC2EE9 /* Sources */ = {
			isa = PBXSourcesBuildPhase;
			buildActionMask = 2147483647;
			files = (
				D8CBD0742C21B39600A54279 /* PetContoller.swift in Sources */,
				D8CBD06C2C21B31600A54279 /* Pet.swift in Sources */,
				D8CBD06A2C21B2FB00A54279 /* Timeline.swift in Sources */,
				D8CBD0702C21B38000A54279 /* UserControler.swift in Sources */,
				D81FD5B92C21AFE600EC2EE9 /* ContentView.swift in Sources */,
				D81FD5B72C21AFE600EC2EE9 /* PetErciseApp.swift in Sources */,
				D8CBD06E2C21B34100A54279 /* Item.swift in Sources */,
				D8CBD0762C21B39E00A54279 /* ItemContoller.swift in Sources */,
				D8CBD0722C21B38C00A54279 /* TimelineController.swift in Sources */,
				D8CBD0672C21B2BC00A54279 /* User.swift in Sources */,
			);
			runOnlyForDeploymentPostprocessing = 0;
		};
/* End PBXSourcesBuildPhase section */

/* Begin XCBuildConfiguration section */
		D81FD5BF2C21AFE700EC2EE9 /* Debug */ = {
			isa = XCBuildConfiguration;
			buildSettings = {
				ALWAYS_SEARCH_USER_PATHS = NO;
				ASSETCATALOG_COMPILER_GENERATE_SWIFT_ASSET_SYMBOL_EXTENSIONS = YES;
				CLANG_ANALYZER_NONNULL = YES;
				CLANG_ANALYZER_NUMBER_OBJECT_CONVERSION = YES_AGGRESSIVE;
				CLANG_CXX_LANGUAGE_STANDARD = "gnu++20";
				CLANG_ENABLE_MODULES = YES;
				CLANG_ENABLE_OBJC_ARC = YES;
				CLANG_ENABLE_OBJC_WEAK = YES;
				CLANG_WARN_BLOCK_CAPTURE_AUTORELEASING = YES;
				CLANG_WARN_BOOL_CONVERSION = YES;
				CLANG_WARN_COMMA = YES;
				CLANG_WARN_CONSTANT_CONVERSION = YES;
				CLANG_WARN_DEPRECATED_OBJC_IMPLEMENTATIONS = YES;
				CLANG_WARN_DIRECT_OBJC_ISA_USAGE = YES_ERROR;
				CLANG_WARN_DOCUMENTATION_COMMENTS = YES;
				CLANG_WARN_EMPTY_BODY = YES;
				CLANG_WARN_ENUM_CONVERSION = YES;
				CLANG_WARN_INFINITE_RECURSION = YES;
				CLANG_WARN_INT_CONVERSION = YES;
				CLANG_WARN_NON_LITERAL_NULL_CONVERSION = YES;
				CLANG_WARN_OBJC_IMPLICIT_RETAIN_SELF = YES;
				CLANG_WARN_OBJC_LITERAL_CONVERSION = YES;
				CLANG_WARN_OBJC_ROOT_CLASS = YES_ERROR;
				CLANG_WARN_QUOTED_INCLUDE_IN_FRAMEWORK_HEADER = YES;
				CLANG_WARN_RANGE_LOOP_ANALYSIS = YES;
				CLANG_WARN_STRICT_PROTOTYPES = YES;
				CLANG_WARN_SUSPICIOUS_MOVE = YES;
				CLANG_WARN_UNGUARDED_AVAILABILITY = YES_AGGRESSIVE;
				CLANG_WARN_UNREACHABLE_CODE = YES;
				CLANG_WARN__DUPLICATE_METHOD_MATCH = YES;
				COPY_PHASE_STRIP = NO;
				DEBUG_INFORMATION_FORMAT = dwarf;
				ENABLE_STRICT_OBJC_MSGSEND = YES;
				ENABLE_TESTABILITY = YES;
				ENABLE_USER_SCRIPT_SANDBOXING = YES;
				GCC_C_LANGUAGE_STANDARD = gnu17;
				GCC_DYNAMIC_NO_PIC = NO;
				GCC_NO_COMMON_BLOCKS = YES;
				GCC_OPTIMIZATION_LEVEL = 0;
				GCC_PREPROCESSOR_DEFINITIONS = (
					"DEBUG=1",
					"$(inherited)",
				);
				GCC_WARN_64_TO_32_BIT_CONVERSION = YES;
				GCC_WARN_ABOUT_RETURN_TYPE = YES_ERROR;
				GCC_WARN_UNDECLARED_SELECTOR = YES;
				GCC_WARN_UNINITIALIZED_AUTOS = YES_AGGRESSIVE;
				GCC_WARN_UNUSED_FUNCTION = YES;
				GCC_WARN_UNUSED_VARIABLE = YES;
				IPHONEOS_DEPLOYMENT_TARGET = 17.4;
				LOCALIZATION_PREFERS_STRING_CATALOGS = YES;
				MTL_ENABLE_DEBUG_INFO = INCLUDE_SOURCE;
				MTL_FAST_MATH = YES;
				ONLY_ACTIVE_ARCH = YES;
				SDKROOT = iphoneos;
				SWIFT_ACTIVE_COMPILATION_CONDITIONS = "DEBUG $(inherited)";
				SWIFT_OPTIMIZATION_LEVEL = "-Onone";
			};
			name = Debug;
		};
		D81FD5C02C21AFE700EC2EE9 /* Release */ = {
			isa = XCBuildConfiguration;
			buildSettings = {
				ALWAYS_SEARCH_USER_PATHS = NO;
				ASSETCATALOG_COMPILER_GENERATE_SWIFT_ASSET_SYMBOL_EXTENSIONS = YES;
				CLANG_ANALYZER_NONNULL = YES;
				CLANG_ANALYZER_NUMBER_OBJECT_CONVERSION = YES_AGGRESSIVE;
				CLANG_CXX_LANGUAGE_STANDARD = "gnu++20";
				CLANG_ENABLE_MODULES = YES;
				CLANG_ENABLE_OBJC_ARC = YES;
				CLANG_ENABLE_OBJC_WEAK = YES;
				CLANG_WARN_BLOCK_CAPTURE_AUTORELEASING = YES;
				CLANG_WARN_BOOL_CONVERSION = YES;
				CLANG_WARN_COMMA = YES;
				CLANG_WARN_CONSTANT_CONVERSION = YES;
				CLANG_WARN_DEPRECATED_OBJC_IMPLEMENTATIONS = YES;
				CLANG_WARN_DIRECT_OBJC_ISA_USAGE = YES_ERROR;
				CLANG_WARN_DOCUMENTATION_COMMENTS = YES;
				CLANG_WARN_EMPTY_BODY = YES;
				CLANG_WARN_ENUM_CONVERSION = YES;
				CLANG_WARN_INFINITE_RECURSION = YES;
				CLANG_WARN_INT_CONVERSION = YES;
				CLANG_WARN_NON_LITERAL_NULL_CONVERSION = YES;
				CLANG_WARN_OBJC_IMPLICIT_RETAIN_SELF = YES;
				CLANG_WARN_OBJC_LITERAL_CONVERSION = YES;
				CLANG_WARN_OBJC_ROOT_CLASS = YES_ERROR;
				CLANG_WARN_QUOTED_INCLUDE_IN_FRAMEWORK_HEADER = YES;
				CLANG_WARN_RANGE_LOOP_ANALYSIS = YES;
				CLANG_WARN_STRICT_PROTOTYPES = YES;
				CLANG_WARN_SUSPICIOUS_MOVE = YES;
				CLANG_WARN_UNGUARDED_AVAILABILITY = YES_AGGRESSIVE;
				CLANG_WARN_UNREACHABLE_CODE = YES;
				CLANG_WARN__DUPLICATE_METHOD_MATCH = YES;
				COPY_PHASE_STRIP = NO;
				DEBUG_INFORMATION_FORMAT = "dwarf-with-dsym";
				ENABLE_NS_ASSERTIONS = NO;
				ENABLE_STRICT_OBJC_MSGSEND = YES;
				ENABLE_USER_SCRIPT_SANDBOXING = YES;
				GCC_C_LANGUAGE_STANDARD = gnu17;
				GCC_NO_COMMON_BLOCKS = YES;
				GCC_WARN_64_TO_32_BIT_CONVERSION = YES;
				GCC_WARN_ABOUT_RETURN_TYPE = YES_ERROR;
				GCC_WARN_UNDECLARED_SELECTOR = YES;
				GCC_WARN_UNINITIALIZED_AUTOS = YES_AGGRESSIVE;
				GCC_WARN_UNUSED_FUNCTION = YES;
				GCC_WARN_UNUSED_VARIABLE = YES;
				IPHONEOS_DEPLOYMENT_TARGET = 17.4;
				LOCALIZATION_PREFERS_STRING_CATALOGS = YES;
				MTL_ENABLE_DEBUG_INFO = NO;
				MTL_FAST_MATH = YES;
				SDKROOT = iphoneos;
				SWIFT_COMPILATION_MODE = wholemodule;
				VALIDATE_PRODUCT = YES;
			};
			name = Release;
		};
		D81FD5C22C21AFE700EC2EE9 /* Debug */ = {
			isa = XCBuildConfiguration;
			buildSettings = {
				ASSETCATALOG_COMPILER_APPICON_NAME = AppIcon;
				ASSETCATALOG_COMPILER_GLOBAL_ACCENT_COLOR_NAME = AccentColor;
				CODE_SIGN_STYLE = Automatic;
				CURRENT_PROJECT_VERSION = 1;
				DEVELOPMENT_ASSET_PATHS = "\"PetErcise/Preview Content\"";
				ENABLE_PREVIEWS = YES;
				GENERATE_INFOPLIST_FILE = YES;
				INFOPLIST_KEY_UIApplicationSceneManifest_Generation = YES;
				INFOPLIST_KEY_UIApplicationSupportsIndirectInputEvents = YES;
				INFOPLIST_KEY_UILaunchScreen_Generation = YES;
				INFOPLIST_KEY_UISupportedInterfaceOrientations_iPad = "UIInterfaceOrientationPortrait UIInterfaceOrientationPortraitUpsideDown UIInterfaceOrientationLandscapeLeft UIInterfaceOrientationLandscapeRight";
				INFOPLIST_KEY_UISupportedInterfaceOrientations_iPhone = "UIInterfaceOrientationPortrait UIInterfaceOrientationLandscapeLeft UIInterfaceOrientationLandscapeRight";
				LD_RUNPATH_SEARCH_PATHS = (
					"$(inherited)",
					"@executable_path/Frameworks",
				);
				MARKETING_VERSION = 1.0;
				PRODUCT_BUNDLE_IDENTIFIER = "Team-2.PetErcise";
				PRODUCT_NAME = "$(TARGET_NAME)";
				SWIFT_EMIT_LOC_STRINGS = YES;
				SWIFT_VERSION = 5.0;
				TARGETED_DEVICE_FAMILY = "1,2";
			};
			name = Debug;
		};
		D81FD5C32C21AFE700EC2EE9 /* Release */ = {
			isa = XCBuildConfiguration;
			buildSettings = {
				ASSETCATALOG_COMPILER_APPICON_NAME = AppIcon;
				ASSETCATALOG_COMPILER_GLOBAL_ACCENT_COLOR_NAME = AccentColor;
				CODE_SIGN_STYLE = Automatic;
				CURRENT_PROJECT_VERSION = 1;
				DEVELOPMENT_ASSET_PATHS = "\"PetErcise/Preview Content\"";
				ENABLE_PREVIEWS = YES;
				GENERATE_INFOPLIST_FILE = YES;
				INFOPLIST_KEY_UIApplicationSceneManifest_Generation = YES;
				INFOPLIST_KEY_UIApplicationSupportsIndirectInputEvents = YES;
				INFOPLIST_KEY_UILaunchScreen_Generation = YES;
				INFOPLIST_KEY_UISupportedInterfaceOrientations_iPad = "UIInterfaceOrientationPortrait UIInterfaceOrientationPortraitUpsideDown UIInterfaceOrientationLandscapeLeft UIInterfaceOrientationLandscapeRight";
				INFOPLIST_KEY_UISupportedInterfaceOrientations_iPhone = "UIInterfaceOrientationPortrait UIInterfaceOrientationLandscapeLeft UIInterfaceOrientationLandscapeRight";
				LD_RUNPATH_SEARCH_PATHS = (
					"$(inherited)",
					"@executable_path/Frameworks",
				);
				MARKETING_VERSION = 1.0;
				PRODUCT_BUNDLE_IDENTIFIER = "Team-2.PetErcise";
				PRODUCT_NAME = "$(TARGET_NAME)";
				SWIFT_EMIT_LOC_STRINGS = YES;
				SWIFT_VERSION = 5.0;
				TARGETED_DEVICE_FAMILY = "1,2";
			};
			name = Release;
		};
/* End XCBuildConfiguration section */

/* Begin XCConfigurationList section */
		D81FD5AE2C21AFE600EC2EE9 /* Build configuration list for PBXProject "PetErcise" */ = {
			isa = XCConfigurationList;
			buildConfigurations = (
				D81FD5BF2C21AFE700EC2EE9 /* Debug */,
				D81FD5C02C21AFE700EC2EE9 /* Release */,
			);
			defaultConfigurationIsVisible = 0;
			defaultConfigurationName = Release;
		};
		D81FD5C12C21AFE700EC2EE9 /* Build configuration list for PBXNativeTarget "PetErcise" */ = {
			isa = XCConfigurationList;
			buildConfigurations = (
				D81FD5C22C21AFE700EC2EE9 /* Debug */,
				D81FD5C32C21AFE700EC2EE9 /* Release */,
			);
			defaultConfigurationIsVisible = 0;
			defaultConfigurationName = Release;
		};
/* End XCConfigurationList section */
	};
	rootObject = D81FD5AB2C21AFE600EC2EE9 /* Project object */;
}
