// !$*UTF8*$!
{
	archiveVersion = 1;
	classes = {
	};
	objectVersion = 56;
	objects = {

/* Begin PBXBuildFile section */
		6B2C7B6E2C21B32F00CCC968 /* RexErciseApp.swift in Sources */ = {isa = PBXBuildFile; fileRef = 6B2C7B6D2C21B32F00CCC968 /* RexErciseApp.swift */; };
		6B2C7B702C21B32F00CCC968 /* ContentView.swift in Sources */ = {isa = PBXBuildFile; fileRef = 6B2C7B6F2C21B32F00CCC968 /* ContentView.swift */; };
		6B2C7B722C21B33000CCC968 /* Assets.xcassets in Resources */ = {isa = PBXBuildFile; fileRef = 6B2C7B712C21B33000CCC968 /* Assets.xcassets */; };
		6B2C7B752C21B33000CCC968 /* Preview Assets.xcassets in Resources */ = {isa = PBXBuildFile; fileRef = 6B2C7B742C21B33000CCC968 /* Preview Assets.xcassets */; };
		6B2C7B7D2C21B55F00CCC968 /* ShopView.swift in Sources */ = {isa = PBXBuildFile; fileRef = 6B2C7B7C2C21B55F00CCC968 /* ShopView.swift */; };
		6B2C7B7F2C21BE5500CCC968 /* ItemCard.swift in Sources */ = {isa = PBXBuildFile; fileRef = 6B2C7B7E2C21BE5500CCC968 /* ItemCard.swift */; };
		6B2C7B812C21C01200CCC968 /* .swiftlint.yml in Resources */ = {isa = PBXBuildFile; fileRef = 6B2C7B802C21C01200CCC968 /* .swiftlint.yml */; };
		6B2C7B852C21C32800CCC968 /* TabBar.swift in Sources */ = {isa = PBXBuildFile; fileRef = 6B2C7B842C21C32800CCC968 /* TabBar.swift */; };
/* End PBXBuildFile section */

/* Begin PBXFileReference section */
		6B2C7B6A2C21B32F00CCC968 /* RexErcise.app */ = {isa = PBXFileReference; explicitFileType = wrapper.application; includeInIndex = 0; path = RexErcise.app; sourceTree = BUILT_PRODUCTS_DIR; };
		6B2C7B6D2C21B32F00CCC968 /* RexErciseApp.swift */ = {isa = PBXFileReference; lastKnownFileType = sourcecode.swift; path = RexErciseApp.swift; sourceTree = "<group>"; };
		6B2C7B6F2C21B32F00CCC968 /* ContentView.swift */ = {isa = PBXFileReference; lastKnownFileType = sourcecode.swift; path = ContentView.swift; sourceTree = "<group>"; };
		6B2C7B712C21B33000CCC968 /* Assets.xcassets */ = {isa = PBXFileReference; lastKnownFileType = folder.assetcatalog; path = Assets.xcassets; sourceTree = "<group>"; };
		6B2C7B742C21B33000CCC968 /* Preview Assets.xcassets */ = {isa = PBXFileReference; lastKnownFileType = folder.assetcatalog; path = "Preview Assets.xcassets"; sourceTree = "<group>"; };
		6B2C7B7C2C21B55F00CCC968 /* ShopView.swift */ = {isa = PBXFileReference; lastKnownFileType = sourcecode.swift; path = ShopView.swift; sourceTree = "<group>"; };
		6B2C7B7E2C21BE5500CCC968 /* ItemCard.swift */ = {isa = PBXFileReference; lastKnownFileType = sourcecode.swift; path = ItemCard.swift; sourceTree = "<group>"; };
		6B2C7B802C21C01200CCC968 /* .swiftlint.yml */ = {isa = PBXFileReference; lastKnownFileType = text.yaml; path = .swiftlint.yml; sourceTree = "<group>"; };
		6B2C7B842C21C32800CCC968 /* TabBar.swift */ = {isa = PBXFileReference; lastKnownFileType = sourcecode.swift; path = TabBar.swift; sourceTree = "<group>"; };
/* End PBXFileReference section */

/* Begin PBXFrameworksBuildPhase section */
		6B2C7B672C21B32F00CCC968 /* Frameworks */ = {
			isa = PBXFrameworksBuildPhase;
			buildActionMask = 2147483647;
			files = (
			);
			runOnlyForDeploymentPostprocessing = 0;
		};
/* End PBXFrameworksBuildPhase section */

/* Begin PBXGroup section */
		6B2C7B612C21B32F00CCC968 = {
			isa = PBXGroup;
			children = (
				6B2C7B6C2C21B32F00CCC968 /* RexErcise */,
				6B2C7B6B2C21B32F00CCC968 /* Products */,
			);
			sourceTree = "<group>";
		};
		6B2C7B6B2C21B32F00CCC968 /* Products */ = {
			isa = PBXGroup;
			children = (
				6B2C7B6A2C21B32F00CCC968 /* RexErcise.app */,
			);
			name = Products;
			sourceTree = "<group>";
		};
		6B2C7B6C2C21B32F00CCC968 /* RexErcise */ = {
			isa = PBXGroup;
			children = (
				6B2C7B832C21C31400CCC968 /* TabBar */,
				6B2C7B7B2C21B51800CCC968 /* View */,
				6B2C7B6D2C21B32F00CCC968 /* RexErciseApp.swift */,
				6B2C7B6F2C21B32F00CCC968 /* ContentView.swift */,
				6B2C7B712C21B33000CCC968 /* Assets.xcassets */,
				6B2C7B732C21B33000CCC968 /* Preview Content */,
				6B2C7B802C21C01200CCC968 /* .swiftlint.yml */,
			);
			path = RexErcise;
			sourceTree = "<group>";
		};
		6B2C7B732C21B33000CCC968 /* Preview Content */ = {
			isa = PBXGroup;
			children = (
				6B2C7B742C21B33000CCC968 /* Preview Assets.xcassets */,
			);
			path = "Preview Content";
			sourceTree = "<group>";
		};
		6B2C7B7B2C21B51800CCC968 /* View */ = {
			isa = PBXGroup;
			children = (
				6B2C7B7C2C21B55F00CCC968 /* ShopView.swift */,
				6B2C7B7E2C21BE5500CCC968 /* ItemCard.swift */,
			);
			path = View;
			sourceTree = "<group>";
		};
		6B2C7B832C21C31400CCC968 /* TabBar */ = {
			isa = PBXGroup;
			children = (
				6B2C7B842C21C32800CCC968 /* TabBar.swift */,
			);
			path = TabBar;
			sourceTree = "<group>";
		};
/* End PBXGroup section */

/* Begin PBXNativeTarget section */
		6B2C7B692C21B32F00CCC968 /* RexErcise */ = {
			isa = PBXNativeTarget;
			buildConfigurationList = 6B2C7B782C21B33000CCC968 /* Build configuration list for PBXNativeTarget "RexErcise" */;
			buildPhases = (
				6B2C7B662C21B32F00CCC968 /* Sources */,
				6B2C7B672C21B32F00CCC968 /* Frameworks */,
				6B2C7B682C21B32F00CCC968 /* Resources */,
				6B2C7B822C21C09300CCC968 /* ShellScript */,
			);
			buildRules = (
			);
			dependencies = (
			);
			name = RexErcise;
			productName = RexErcise;
			productReference = 6B2C7B6A2C21B32F00CCC968 /* RexErcise.app */;
			productType = "com.apple.product-type.application";
		};
/* End PBXNativeTarget section */

/* Begin PBXProject section */
		6B2C7B622C21B32F00CCC968 /* Project object */ = {
			isa = PBXProject;
			attributes = {
				BuildIndependentTargetsInParallel = 1;
				LastSwiftUpdateCheck = 1530;
				LastUpgradeCheck = 1530;
				TargetAttributes = {
					6B2C7B692C21B32F00CCC968 = {
						CreatedOnToolsVersion = 15.3;
					};
				};
			};
			buildConfigurationList = 6B2C7B652C21B32F00CCC968 /* Build configuration list for PBXProject "RexErcise" */;
			compatibilityVersion = "Xcode 14.0";
			developmentRegion = en;
			hasScannedForEncodings = 0;
			knownRegions = (
				en,
				Base,
			);
			mainGroup = 6B2C7B612C21B32F00CCC968;
			productRefGroup = 6B2C7B6B2C21B32F00CCC968 /* Products */;
			projectDirPath = "";
			projectRoot = "";
			targets = (
				6B2C7B692C21B32F00CCC968 /* RexErcise */,
			);
		};
/* End PBXProject section */

/* Begin PBXResourcesBuildPhase section */
		6B2C7B682C21B32F00CCC968 /* Resources */ = {
			isa = PBXResourcesBuildPhase;
			buildActionMask = 2147483647;
			files = (
				6B2C7B812C21C01200CCC968 /* .swiftlint.yml in Resources */,
				6B2C7B752C21B33000CCC968 /* Preview Assets.xcassets in Resources */,
				6B2C7B722C21B33000CCC968 /* Assets.xcassets in Resources */,
			);
			runOnlyForDeploymentPostprocessing = 0;
		};
/* End PBXResourcesBuildPhase section */

/* Begin PBXShellScriptBuildPhase section */
		6B2C7B822C21C09300CCC968 /* ShellScript */ = {
			isa = PBXShellScriptBuildPhase;
			buildActionMask = 2147483647;
			files = (
			);
			inputFileListPaths = (
			);
			inputPaths = (
			);
			outputFileListPaths = (
			);
			outputPaths = (
			);
			runOnlyForDeploymentPostprocessing = 0;
			shellPath = /bin/sh;
			shellScript = "# Type a script or drag a script file from your workspace to insert its path.\nif [[ \"$(uname -m)\" == arm64 ]]; then\n    export PATH=\"/opt/homebrew/bin:$PATH\"\nfi\n\nif which swiftlint > /dev/null; then\n  swiftlint\nelse\n  echo \"warning: SwiftLint not installed, download from https://github.com/realm/SwiftLint\"\nfi\n";
		};
/* End PBXShellScriptBuildPhase section */

/* Begin PBXSourcesBuildPhase section */
		6B2C7B662C21B32F00CCC968 /* Sources */ = {
			isa = PBXSourcesBuildPhase;
			buildActionMask = 2147483647;
			files = (
				6B2C7B7D2C21B55F00CCC968 /* ShopView.swift in Sources */,
				6B2C7B702C21B32F00CCC968 /* ContentView.swift in Sources */,
				6B2C7B7F2C21BE5500CCC968 /* ItemCard.swift in Sources */,
				6B2C7B6E2C21B32F00CCC968 /* RexErciseApp.swift in Sources */,
				6B2C7B852C21C32800CCC968 /* TabBar.swift in Sources */,
			);
			runOnlyForDeploymentPostprocessing = 0;
		};
/* End PBXSourcesBuildPhase section */

/* Begin XCBuildConfiguration section */
		6B2C7B762C21B33000CCC968 /* Debug */ = {
			isa = XCBuildConfiguration;
			buildSettings = {
				ALWAYS_SEARCH_USER_PATHS = NO;
				ASSETCATALOG_COMPILER_GENERATE_SWIFT_ASSET_SYMBOL_EXTENSIONS = YES;
				CLANG_ANALYZER_NONNULL = YES;
				CLANG_ANALYZER_NUMBER_OBJECT_CONVERSION = YES_AGGRESSIVE;
				CLANG_CXX_LANGUAGE_STANDARD = "gnu++20";
				CLANG_ENABLE_MODULES = YES;
				CLANG_ENABLE_OBJC_ARC = YES;
				CLANG_ENABLE_OBJC_WEAK = YES;
				CLANG_WARN_BLOCK_CAPTURE_AUTORELEASING = YES;
				CLANG_WARN_BOOL_CONVERSION = YES;
				CLANG_WARN_COMMA = YES;
				CLANG_WARN_CONSTANT_CONVERSION = YES;
				CLANG_WARN_DEPRECATED_OBJC_IMPLEMENTATIONS = YES;
				CLANG_WARN_DIRECT_OBJC_ISA_USAGE = YES_ERROR;
				CLANG_WARN_DOCUMENTATION_COMMENTS = YES;
				CLANG_WARN_EMPTY_BODY = YES;
				CLANG_WARN_ENUM_CONVERSION = YES;
				CLANG_WARN_INFINITE_RECURSION = YES;
				CLANG_WARN_INT_CONVERSION = YES;
				CLANG_WARN_NON_LITERAL_NULL_CONVERSION = YES;
				CLANG_WARN_OBJC_IMPLICIT_RETAIN_SELF = YES;
				CLANG_WARN_OBJC_LITERAL_CONVERSION = YES;
				CLANG_WARN_OBJC_ROOT_CLASS = YES_ERROR;
				CLANG_WARN_QUOTED_INCLUDE_IN_FRAMEWORK_HEADER = YES;
				CLANG_WARN_RANGE_LOOP_ANALYSIS = YES;
				CLANG_WARN_STRICT_PROTOTYPES = YES;
				CLANG_WARN_SUSPICIOUS_MOVE = YES;
				CLANG_WARN_UNGUARDED_AVAILABILITY = YES_AGGRESSIVE;
				CLANG_WARN_UNREACHABLE_CODE = YES;
				CLANG_WARN__DUPLICATE_METHOD_MATCH = YES;
				COPY_PHASE_STRIP = NO;
				DEBUG_INFORMATION_FORMAT = dwarf;
				ENABLE_STRICT_OBJC_MSGSEND = YES;
				ENABLE_TESTABILITY = YES;
				ENABLE_USER_SCRIPT_SANDBOXING = YES;
				GCC_C_LANGUAGE_STANDARD = gnu17;
				GCC_DYNAMIC_NO_PIC = NO;
				GCC_NO_COMMON_BLOCKS = YES;
				GCC_OPTIMIZATION_LEVEL = 0;
				GCC_PREPROCESSOR_DEFINITIONS = (
					"DEBUG=1",
					"$(inherited)",
				);
				GCC_WARN_64_TO_32_BIT_CONVERSION = YES;
				GCC_WARN_ABOUT_RETURN_TYPE = YES_ERROR;
				GCC_WARN_UNDECLARED_SELECTOR = YES;
				GCC_WARN_UNINITIALIZED_AUTOS = YES_AGGRESSIVE;
				GCC_WARN_UNUSED_FUNCTION = YES;
				GCC_WARN_UNUSED_VARIABLE = YES;
				IPHONEOS_DEPLOYMENT_TARGET = 17.4;
				LOCALIZATION_PREFERS_STRING_CATALOGS = YES;
				MTL_ENABLE_DEBUG_INFO = INCLUDE_SOURCE;
				MTL_FAST_MATH = YES;
				ONLY_ACTIVE_ARCH = YES;
				SDKROOT = iphoneos;
				SWIFT_ACTIVE_COMPILATION_CONDITIONS = "DEBUG $(inherited)";
				SWIFT_OPTIMIZATION_LEVEL = "-Onone";
			};
			name = Debug;
		};
		6B2C7B772C21B33000CCC968 /* Release */ = {
			isa = XCBuildConfiguration;
			buildSettings = {
				ALWAYS_SEARCH_USER_PATHS = NO;
				ASSETCATALOG_COMPILER_GENERATE_SWIFT_ASSET_SYMBOL_EXTENSIONS = YES;
				CLANG_ANALYZER_NONNULL = YES;
				CLANG_ANALYZER_NUMBER_OBJECT_CONVERSION = YES_AGGRESSIVE;
				CLANG_CXX_LANGUAGE_STANDARD = "gnu++20";
				CLANG_ENABLE_MODULES = YES;
				CLANG_ENABLE_OBJC_ARC = YES;
				CLANG_ENABLE_OBJC_WEAK = YES;
				CLANG_WARN_BLOCK_CAPTURE_AUTORELEASING = YES;
				CLANG_WARN_BOOL_CONVERSION = YES;
				CLANG_WARN_COMMA = YES;
				CLANG_WARN_CONSTANT_CONVERSION = YES;
				CLANG_WARN_DEPRECATED_OBJC_IMPLEMENTATIONS = YES;
				CLANG_WARN_DIRECT_OBJC_ISA_USAGE = YES_ERROR;
				CLANG_WARN_DOCUMENTATION_COMMENTS = YES;
				CLANG_WARN_EMPTY_BODY = YES;
				CLANG_WARN_ENUM_CONVERSION = YES;
				CLANG_WARN_INFINITE_RECURSION = YES;
				CLANG_WARN_INT_CONVERSION = YES;
				CLANG_WARN_NON_LITERAL_NULL_CONVERSION = YES;
				CLANG_WARN_OBJC_IMPLICIT_RETAIN_SELF = YES;
				CLANG_WARN_OBJC_LITERAL_CONVERSION = YES;
				CLANG_WARN_OBJC_ROOT_CLASS = YES_ERROR;
				CLANG_WARN_QUOTED_INCLUDE_IN_FRAMEWORK_HEADER = YES;
				CLANG_WARN_RANGE_LOOP_ANALYSIS = YES;
				CLANG_WARN_STRICT_PROTOTYPES = YES;
				CLANG_WARN_SUSPICIOUS_MOVE = YES;
				CLANG_WARN_UNGUARDED_AVAILABILITY = YES_AGGRESSIVE;
				CLANG_WARN_UNREACHABLE_CODE = YES;
				CLANG_WARN__DUPLICATE_METHOD_MATCH = YES;
				COPY_PHASE_STRIP = NO;
				DEBUG_INFORMATION_FORMAT = "dwarf-with-dsym";
				ENABLE_NS_ASSERTIONS = NO;
				ENABLE_STRICT_OBJC_MSGSEND = YES;
				ENABLE_USER_SCRIPT_SANDBOXING = YES;
				GCC_C_LANGUAGE_STANDARD = gnu17;
				GCC_NO_COMMON_BLOCKS = YES;
				GCC_WARN_64_TO_32_BIT_CONVERSION = YES;
				GCC_WARN_ABOUT_RETURN_TYPE = YES_ERROR;
				GCC_WARN_UNDECLARED_SELECTOR = YES;
				GCC_WARN_UNINITIALIZED_AUTOS = YES_AGGRESSIVE;
				GCC_WARN_UNUSED_FUNCTION = YES;
				GCC_WARN_UNUSED_VARIABLE = YES;
				IPHONEOS_DEPLOYMENT_TARGET = 17.4;
				LOCALIZATION_PREFERS_STRING_CATALOGS = YES;
				MTL_ENABLE_DEBUG_INFO = NO;
				MTL_FAST_MATH = YES;
				SDKROOT = iphoneos;
				SWIFT_COMPILATION_MODE = wholemodule;
				VALIDATE_PRODUCT = YES;
			};
			name = Release;
		};
		6B2C7B792C21B33000CCC968 /* Debug */ = {
			isa = XCBuildConfiguration;
			buildSettings = {
				ASSETCATALOG_COMPILER_APPICON_NAME = AppIcon;
				ASSETCATALOG_COMPILER_GLOBAL_ACCENT_COLOR_NAME = AccentColor;
				CODE_SIGN_STYLE = Automatic;
				CURRENT_PROJECT_VERSION = 1;
				DEVELOPMENT_ASSET_PATHS = "\"RexErcise/Preview Content\"";
				DEVELOPMENT_TEAM = B8UQXR25SK;
				ENABLE_PREVIEWS = YES;
				ENABLE_USER_SCRIPT_SANDBOXING = NO;
				GENERATE_INFOPLIST_FILE = YES;
				INFOPLIST_KEY_UIApplicationSceneManifest_Generation = YES;
				INFOPLIST_KEY_UIApplicationSupportsIndirectInputEvents = YES;
				INFOPLIST_KEY_UILaunchScreen_Generation = YES;
				INFOPLIST_KEY_UISupportedInterfaceOrientations_iPad = "UIInterfaceOrientationPortrait UIInterfaceOrientationPortraitUpsideDown UIInterfaceOrientationLandscapeLeft UIInterfaceOrientationLandscapeRight";
				INFOPLIST_KEY_UISupportedInterfaceOrientations_iPhone = "UIInterfaceOrientationPortrait UIInterfaceOrientationLandscapeLeft UIInterfaceOrientationLandscapeRight";
				LD_RUNPATH_SEARCH_PATHS = (
					"$(inherited)",
					"@executable_path/Frameworks",
				);
				MARKETING_VERSION = 1.0;
				PRODUCT_BUNDLE_IDENTIFIER = com.kaiq.RexErcise;
				PRODUCT_NAME = "$(TARGET_NAME)";
				SWIFT_EMIT_LOC_STRINGS = YES;
				SWIFT_VERSION = 5.0;
				TARGETED_DEVICE_FAMILY = "1,2";
			};
			name = Debug;
		};
		6B2C7B7A2C21B33000CCC968 /* Release */ = {
			isa = XCBuildConfiguration;
			buildSettings = {
				ASSETCATALOG_COMPILER_APPICON_NAME = AppIcon;
				ASSETCATALOG_COMPILER_GLOBAL_ACCENT_COLOR_NAME = AccentColor;
				CODE_SIGN_STYLE = Automatic;
				CURRENT_PROJECT_VERSION = 1;
				DEVELOPMENT_ASSET_PATHS = "\"RexErcise/Preview Content\"";
				DEVELOPMENT_TEAM = B8UQXR25SK;
				ENABLE_PREVIEWS = YES;
				ENABLE_USER_SCRIPT_SANDBOXING = NO;
				GENERATE_INFOPLIST_FILE = YES;
				INFOPLIST_KEY_UIApplicationSceneManifest_Generation = YES;
				INFOPLIST_KEY_UIApplicationSupportsIndirectInputEvents = YES;
				INFOPLIST_KEY_UILaunchScreen_Generation = YES;
				INFOPLIST_KEY_UISupportedInterfaceOrientations_iPad = "UIInterfaceOrientationPortrait UIInterfaceOrientationPortraitUpsideDown UIInterfaceOrientationLandscapeLeft UIInterfaceOrientationLandscapeRight";
				INFOPLIST_KEY_UISupportedInterfaceOrientations_iPhone = "UIInterfaceOrientationPortrait UIInterfaceOrientationLandscapeLeft UIInterfaceOrientationLandscapeRight";
				LD_RUNPATH_SEARCH_PATHS = (
					"$(inherited)",
					"@executable_path/Frameworks",
				);
				MARKETING_VERSION = 1.0;
				PRODUCT_BUNDLE_IDENTIFIER = com.kaiq.RexErcise;
				PRODUCT_NAME = "$(TARGET_NAME)";
				SWIFT_EMIT_LOC_STRINGS = YES;
				SWIFT_VERSION = 5.0;
				TARGETED_DEVICE_FAMILY = "1,2";
			};
			name = Release;
		};
/* End XCBuildConfiguration section */

/* Begin XCConfigurationList section */
		6B2C7B652C21B32F00CCC968 /* Build configuration list for PBXProject "RexErcise" */ = {
			isa = XCConfigurationList;
			buildConfigurations = (
				6B2C7B762C21B33000CCC968 /* Debug */,
				6B2C7B772C21B33000CCC968 /* Release */,
			);
			defaultConfigurationIsVisible = 0;
			defaultConfigurationName = Release;
		};
		6B2C7B782C21B33000CCC968 /* Build configuration list for PBXNativeTarget "RexErcise" */ = {
			isa = XCConfigurationList;
			buildConfigurations = (
				6B2C7B792C21B33000CCC968 /* Debug */,
				6B2C7B7A2C21B33000CCC968 /* Release */,
			);
			defaultConfigurationIsVisible = 0;
			defaultConfigurationName = Release;
		};
/* End XCConfigurationList section */
	};
	rootObject = 6B2C7B622C21B32F00CCC968 /* Project object */;
}
